
Microsoft Visual Studio Solution File, Format Version 12.00
# Visual Studio Version 17
VisualStudioVersion = 17.1.32328.378
MinimumVisualStudioVersion = 10.0.40219.1
Project("{8BC9CEB8-8B4A-11D0-8D11-00A0C91BC942}") = "LL1", "LL1\LL1.vcxproj", "{4AC6A9C6-22F5-4539-9F97-BEF05CCA7242}"
EndProject
Global
	GlobalSection(SolutionConfigurationPlatforms) = preSolution
		Debug|x64 = Debug|x64
		Debug|x86 = Debug|x86
		Release|x64 = Release|x64
		Release|x86 = Release|x86
	EndGlobalSection
	GlobalSection(ProjectConfigurationPlatforms) = postSolution
		{4AC6A9C6-22F5-4539-9F97-BEF05CCA7242}.Debug|x64.ActiveCfg = Debug|x64
		{4AC6A9C6-22F5-4539-9F97-BEF05CCA7242}.Debug|x64.Build.0 = Debug|x64
		{4AC6A9C6-22F5-4539-9F97-BEF05CCA7242}.Debug|x86.ActiveCfg = Debug|Win32
		{4AC6A9C6-22F5-4539-9F97-BEF05CCA7242}.Debug|x86.Build.0 = Debug|Win32
		{4AC6A9C6-22F5-4539-9F97-BEF05CCA7242}.Release|x64.ActiveCfg = Release|x64
		{4AC6A9C6-22F5-4539-9F97-BEF05CCA7242}.Release|x64.Build.0 = Release|x64
		{4AC6A9C6-22F5-4539-9F97-BEF05CCA7242}.Release|x86.ActiveCfg = Release|Win32
		{4AC6A9C6-22F5-4539-9F97-BEF05CCA7242}.Release|x86.Build.0 = Release|Win32
	EndGlobalSection
	GlobalSection(SolutionProperties) = preSolution
		HideSolutionNode = FALSE
	EndGlobalSection
	GlobalSection(ExtensibilityGlobals) = postSolution
		SolutionGuid = {E2123B8A-1AAE-4451-B79D-154A7DCB957E}
	EndGlobalSection
EndGlobal
